<Solution>
  <Folder Name="/items/">
    <File Path=".gitattributes" />
    <File Path=".gitignore" />
    <File Path="LICENSE.md" />
    <File Path="README.md" />
  </Folder>
  <Folder Name="/src/">
    <Project Path="src/BidirectionalDictionary/BidirectionalDictionary.csproj" />
  </Folder>
  <Folder Name="/tests/">
    <Project Path="tests/BidirectionalDictionary.Tests/BidirectionalDictionary.Tests.csproj" />
  </Folder>
</Solution>
