
Microsoft Visual Studio Solution File, Format Version 12.00
# Visual Studio Version 17
VisualStudioVersion = 17.2.32630.192
MinimumVisualStudioVersion = 10.0.40219.1
Project("{9A19103F-16F7-4668-BE54-9A1E7A4F7556}") = "BidirectionalDictionary", "src\BidirectionalDictionary\BidirectionalDictionary.csproj", "{5E8040A5-9CBF-4057-ADF4-1F58EB682ED4}"
EndProject
Project("{9A19103F-16F7-4668-BE54-9A1E7A4F7556}") = "BidirectionalDictionary.Tests", "src\tests\BidirectionalDictionary.Tests\BidirectionalDictionary.Tests.csproj", "{C2D580BB-AD60-46DF-B7BC-44BCE5540323}"
EndProject
Global
	GlobalSection(SolutionConfigurationPlatforms) = preSolution
		Debug|Any CPU = Debug|Any CPU
		Release|Any CPU = Release|Any CPU
	EndGlobalSection
	GlobalSection(ProjectConfigurationPlatforms) = postSolution
		{5E8040A5-9CBF-4057-ADF4-1F58EB682ED4}.Debug|Any CPU.ActiveCfg = Debug|Any CPU
		{5E8040A5-9CBF-4057-ADF4-1F58EB682ED4}.Debug|Any CPU.Build.0 = Debug|Any CPU
		{5E8040A5-9CBF-4057-ADF4-1F58EB682ED4}.Release|Any CPU.ActiveCfg = Release|Any CPU
		{5E8040A5-9CBF-4057-ADF4-1F58EB682ED4}.Release|Any CPU.Build.0 = Release|Any CPU
		{C2D580BB-AD60-46DF-B7BC-44BCE5540323}.Debug|Any CPU.ActiveCfg = Debug|Any CPU
		{C2D580BB-AD60-46DF-B7BC-44BCE5540323}.Debug|Any CPU.Build.0 = Debug|Any CPU
		{C2D580BB-AD60-46DF-B7BC-44BCE5540323}.Release|Any CPU.ActiveCfg = Release|Any CPU
		{C2D580BB-AD60-46DF-B7BC-44BCE5540323}.Release|Any CPU.Build.0 = Release|Any CPU
	EndGlobalSection
	GlobalSection(SolutionProperties) = preSolution
		HideSolutionNode = FALSE
	EndGlobalSection
	GlobalSection(ExtensibilityGlobals) = postSolution
		SolutionGuid = {CADC356C-9658-4E88-BDB8-B1DF9F039312}
	EndGlobalSection
EndGlobal
